
Microsoft Visual Studio Solution File, Format Version 12.00
# Visual Studio Version 16
VisualStudioVersion = 16.0.31005.135
MinimumVisualStudioVersion = 10.0.40219.1
Project("{8BC9CEB8-8B4A-11D0-8D11-00A0C91BC942}") = "MiniDictionary", "MiniDictionary\MiniDictionary.vcxproj", "{5FE819F3-0841-42C6-A139-2743C2C88297}"
EndProject
Project("{8BC9CEB8-8B4A-11D0-8D11-00A0C91BC942}") = "Tests", "Tests\Tests.vcxproj", "{7C4FCFB1-D78C-4CCA-AD8B-E348AA55DBAF}"
EndProject
Global
	GlobalSection(SolutionConfigurationPlatforms) = preSolution
		Debug|x64 = Debug|x64
		Debug|x86 = Debug|x86
		Release|x64 = Release|x64
		Release|x86 = Release|x86
	EndGlobalSection
	GlobalSection(ProjectConfigurationPlatforms) = postSolution
		{5FE819F3-0841-42C6-A139-2743C2C88297}.Debug|x64.ActiveCfg = Debug|x64
		{5FE819F3-0841-42C6-A139-2743C2C88297}.Debug|x64.Build.0 = Debug|x64
		{5FE819F3-0841-42C6-A139-2743C2C88297}.Debug|x86.ActiveCfg = Debug|Win32
		{5FE819F3-0841-42C6-A139-2743C2C88297}.Debug|x86.Build.0 = Debug|Win32
		{5FE819F3-0841-42C6-A139-2743C2C88297}.Release|x64.ActiveCfg = Release|x64
		{5FE819F3-0841-42C6-A139-2743C2C88297}.Release|x64.Build.0 = Release|x64
		{5FE819F3-0841-42C6-A139-2743C2C88297}.Release|x86.ActiveCfg = Release|Win32
		{5FE819F3-0841-42C6-A139-2743C2C88297}.Release|x86.Build.0 = Release|Win32
		{7C4FCFB1-D78C-4CCA-AD8B-E348AA55DBAF}.Debug|x64.ActiveCfg = Debug|x64
		{7C4FCFB1-D78C-4CCA-AD8B-E348AA55DBAF}.Debug|x64.Build.0 = Debug|x64
		{7C4FCFB1-D78C-4CCA-AD8B-E348AA55DBAF}.Debug|x86.ActiveCfg = Debug|Win32
		{7C4FCFB1-D78C-4CCA-AD8B-E348AA55DBAF}.Debug|x86.Build.0 = Debug|Win32
		{7C4FCFB1-D78C-4CCA-AD8B-E348AA55DBAF}.Release|x64.ActiveCfg = Release|x64
		{7C4FCFB1-D78C-4CCA-AD8B-E348AA55DBAF}.Release|x64.Build.0 = Release|x64
		{7C4FCFB1-D78C-4CCA-AD8B-E348AA55DBAF}.Release|x86.ActiveCfg = Release|Win32
		{7C4FCFB1-D78C-4CCA-AD8B-E348AA55DBAF}.Release|x86.Build.0 = Release|Win32
	EndGlobalSection
	GlobalSection(SolutionProperties) = preSolution
		HideSolutionNode = FALSE
	EndGlobalSection
	GlobalSection(ExtensibilityGlobals) = postSolution
		SolutionGuid = {576D3FCC-D251-4B62-834D-9869E6012FCB}
	EndGlobalSection
EndGlobal
